
Microsoft Visual Studio Solution File, Format Version 12.00
# Visual Studio 15
VisualStudioVersion = 15.0.26124.0
MinimumVisualStudioVersion = 15.0.26124.0
Project("{FAE04EC0-301F-11D3-BF4B-00C04F79EFBC}") = "ApexRestaurant.Repository", "ApexRestaurant.Repository\ApexRestaurant.Repository.csproj", "{9FD55452-BA4B-43C8-8B83-17C0903CB81D}"
EndProject
Project("{FAE04EC0-301F-11D3-BF4B-00C04F79EFBC}") = "ApexRestaurant.Services", "ApexRestaurant.Services\ApexRestaurant.Services.csproj", "{1F605A19-56D6-408D-B38D-07D20BB261FC}"
EndProject
Project("{FAE04EC0-301F-11D3-BF4B-00C04F79EFBC}") = "ApexRestaurant.Api", "ApexRestaurant.Api\ApexRestaurant.Api.csproj", "{051F37B1-3F12-48BA-B163-77E44C060A45}"
EndProject
Project("{FAE04EC0-301F-11D3-BF4B-00C04F79EFBC}") = "ApexRestaurant.Mvc", "ApexRestaurant.Mvc\ApexRestaurant.Mvc.csproj", "{0E71BD50-7DFA-4B95-8E5F-93672C687919}"
EndProject
Global
	GlobalSection(SolutionConfigurationPlatforms) = preSolution
		Debug|Any CPU = Debug|Any CPU
		Debug|x64 = Debug|x64
		Debug|x86 = Debug|x86
		Release|Any CPU = Release|Any CPU
		Release|x64 = Release|x64
		Release|x86 = Release|x86
	EndGlobalSection
	GlobalSection(SolutionProperties) = preSolution
		HideSolutionNode = FALSE
	EndGlobalSection
	GlobalSection(ProjectConfigurationPlatforms) = postSolution
		{9FD55452-BA4B-43C8-8B83-17C0903CB81D}.Debug|Any CPU.ActiveCfg = Debug|Any CPU
		{9FD55452-BA4B-43C8-8B83-17C0903CB81D}.Debug|Any CPU.Build.0 = Debug|Any CPU
		{9FD55452-BA4B-43C8-8B83-17C0903CB81D}.Debug|x64.ActiveCfg = Debug|Any CPU
		{9FD55452-BA4B-43C8-8B83-17C0903CB81D}.Debug|x64.Build.0 = Debug|Any CPU
		{9FD55452-BA4B-43C8-8B83-17C0903CB81D}.Debug|x86.ActiveCfg = Debug|Any CPU
		{9FD55452-BA4B-43C8-8B83-17C0903CB81D}.Debug|x86.Build.0 = Debug|Any CPU
		{9FD55452-BA4B-43C8-8B83-17C0903CB81D}.Release|Any CPU.ActiveCfg = Release|Any CPU
		{9FD55452-BA4B-43C8-8B83-17C0903CB81D}.Release|Any CPU.Build.0 = Release|Any CPU
		{9FD55452-BA4B-43C8-8B83-17C0903CB81D}.Release|x64.ActiveCfg = Release|Any CPU
		{9FD55452-BA4B-43C8-8B83-17C0903CB81D}.Release|x64.Build.0 = Release|Any CPU
		{9FD55452-BA4B-43C8-8B83-17C0903CB81D}.Release|x86.ActiveCfg = Release|Any CPU
		{9FD55452-BA4B-43C8-8B83-17C0903CB81D}.Release|x86.Build.0 = Release|Any CPU
		{1F605A19-56D6-408D-B38D-07D20BB261FC}.Debug|Any CPU.ActiveCfg = Debug|Any CPU
		{1F605A19-56D6-408D-B38D-07D20BB261FC}.Debug|Any CPU.Build.0 = Debug|Any CPU
		{1F605A19-56D6-408D-B38D-07D20BB261FC}.Debug|x64.ActiveCfg = Debug|Any CPU
		{1F605A19-56D6-408D-B38D-07D20BB261FC}.Debug|x64.Build.0 = Debug|Any CPU
		{1F605A19-56D6-408D-B38D-07D20BB261FC}.Debug|x86.ActiveCfg = Debug|Any CPU
		{1F605A19-56D6-408D-B38D-07D20BB261FC}.Debug|x86.Build.0 = Debug|Any CPU
		{1F605A19-56D6-408D-B38D-07D20BB261FC}.Release|Any CPU.ActiveCfg = Release|Any CPU
		{1F605A19-56D6-408D-B38D-07D20BB261FC}.Release|Any CPU.Build.0 = Release|Any CPU
		{1F605A19-56D6-408D-B38D-07D20BB261FC}.Release|x64.ActiveCfg = Release|Any CPU
		{1F605A19-56D6-408D-B38D-07D20BB261FC}.Release|x64.Build.0 = Release|Any CPU
		{1F605A19-56D6-408D-B38D-07D20BB261FC}.Release|x86.ActiveCfg = Release|Any CPU
		{1F605A19-56D6-408D-B38D-07D20BB261FC}.Release|x86.Build.0 = Release|Any CPU
		{051F37B1-3F12-48BA-B163-77E44C060A45}.Debug|Any CPU.ActiveCfg = Debug|Any CPU
		{051F37B1-3F12-48BA-B163-77E44C060A45}.Debug|Any CPU.Build.0 = Debug|Any CPU
		{051F37B1-3F12-48BA-B163-77E44C060A45}.Debug|x64.ActiveCfg = Debug|Any CPU
		{051F37B1-3F12-48BA-B163-77E44C060A45}.Debug|x64.Build.0 = Debug|Any CPU
		{051F37B1-3F12-48BA-B163-77E44C060A45}.Debug|x86.ActiveCfg = Debug|Any CPU
		{051F37B1-3F12-48BA-B163-77E44C060A45}.Debug|x86.Build.0 = Debug|Any CPU
		{051F37B1-3F12-48BA-B163-77E44C060A45}.Release|Any CPU.ActiveCfg = Release|Any CPU
		{051F37B1-3F12-48BA-B163-77E44C060A45}.Release|Any CPU.Build.0 = Release|Any CPU
		{051F37B1-3F12-48BA-B163-77E44C060A45}.Release|x64.ActiveCfg = Release|Any CPU
		{051F37B1-3F12-48BA-B163-77E44C060A45}.Release|x64.Build.0 = Release|Any CPU
		{051F37B1-3F12-48BA-B163-77E44C060A45}.Release|x86.ActiveCfg = Release|Any CPU
		{051F37B1-3F12-48BA-B163-77E44C060A45}.Release|x86.Build.0 = Release|Any CPU
		{0E71BD50-7DFA-4B95-8E5F-93672C687919}.Debug|Any CPU.ActiveCfg = Debug|Any CPU
		{0E71BD50-7DFA-4B95-8E5F-93672C687919}.Debug|Any CPU.Build.0 = Debug|Any CPU
		{0E71BD50-7DFA-4B95-8E5F-93672C687919}.Debug|x64.ActiveCfg = Debug|Any CPU
		{0E71BD50-7DFA-4B95-8E5F-93672C687919}.Debug|x64.Build.0 = Debug|Any CPU
		{0E71BD50-7DFA-4B95-8E5F-93672C687919}.Debug|x86.ActiveCfg = Debug|Any CPU
		{0E71BD50-7DFA-4B95-8E5F-93672C687919}.Debug|x86.Build.0 = Debug|Any CPU
		{0E71BD50-7DFA-4B95-8E5F-93672C687919}.Release|Any CPU.ActiveCfg = Release|Any CPU
		{0E71BD50-7DFA-4B95-8E5F-93672C687919}.Release|Any CPU.Build.0 = Release|Any CPU
		{0E71BD50-7DFA-4B95-8E5F-93672C687919}.Release|x64.ActiveCfg = Release|Any CPU
		{0E71BD50-7DFA-4B95-8E5F-93672C687919}.Release|x64.Build.0 = Release|Any CPU
		{0E71BD50-7DFA-4B95-8E5F-93672C687919}.Release|x86.ActiveCfg = Release|Any CPU
		{0E71BD50-7DFA-4B95-8E5F-93672C687919}.Release|x86.Build.0 = Release|Any CPU
	EndGlobalSection
EndGlobal
